
Microsoft Visual Studio Solution File, Format Version 12.00
# Visual Studio Version 16
VisualStudioVersion = 16.0.30114.105
MinimumVisualStudioVersion = 10.0.40219.1
Project("{FAE04EC0-301F-11D3-BF4B-00C04F79EFBC}") = "lr1Tests", "UnitTests\lr1Tests.csproj", "{387D9A8A-B6E4-4CA4-9A9D-C922276B8040}"
EndProject
Project("{FAE04EC0-301F-11D3-BF4B-00C04F79EFBC}") = "RefactorMethodLib", "RefactorMethodLib\RefactorMethodLib.csproj", "{E654F4B2-7D4C-487E-9DD2-6EDF0BFE48C9}"
EndProject
Project("{FAE04EC0-301F-11D3-BF4B-00C04F79EFBC}") = "Interface", "Interface\Interface.csproj", "{2A02965F-E173-463E-AB24-3F07B6662C50}"
EndProject
Global
	GlobalSection(SolutionConfigurationPlatforms) = preSolution
		Debug|Any CPU = Debug|Any CPU
		Release|Any CPU = Release|Any CPU
	EndGlobalSection
	GlobalSection(ProjectConfigurationPlatforms) = postSolution
		{387D9A8A-B6E4-4CA4-9A9D-C922276B8040}.Debug|Any CPU.ActiveCfg = Debug|Any CPU
		{387D9A8A-B6E4-4CA4-9A9D-C922276B8040}.Debug|Any CPU.Build.0 = Debug|Any CPU
		{387D9A8A-B6E4-4CA4-9A9D-C922276B8040}.Release|Any CPU.ActiveCfg = Release|Any CPU
		{387D9A8A-B6E4-4CA4-9A9D-C922276B8040}.Release|Any CPU.Build.0 = Release|Any CPU
		{E654F4B2-7D4C-487E-9DD2-6EDF0BFE48C9}.Debug|Any CPU.ActiveCfg = Debug|Any CPU
		{E654F4B2-7D4C-487E-9DD2-6EDF0BFE48C9}.Debug|Any CPU.Build.0 = Debug|Any CPU
		{E654F4B2-7D4C-487E-9DD2-6EDF0BFE48C9}.Release|Any CPU.ActiveCfg = Release|Any CPU
		{E654F4B2-7D4C-487E-9DD2-6EDF0BFE48C9}.Release|Any CPU.Build.0 = Release|Any CPU
		{2A02965F-E173-463E-AB24-3F07B6662C50}.Debug|Any CPU.ActiveCfg = Debug|Any CPU
		{2A02965F-E173-463E-AB24-3F07B6662C50}.Debug|Any CPU.Build.0 = Debug|Any CPU
		{2A02965F-E173-463E-AB24-3F07B6662C50}.Release|Any CPU.ActiveCfg = Release|Any CPU
		{2A02965F-E173-463E-AB24-3F07B6662C50}.Release|Any CPU.Build.0 = Release|Any CPU
	EndGlobalSection
	GlobalSection(SolutionProperties) = preSolution
		HideSolutionNode = FALSE
	EndGlobalSection
	GlobalSection(ExtensibilityGlobals) = postSolution
		SolutionGuid = {99748580-C016-4207-ABCF-7245462021F7}
	EndGlobalSection
EndGlobal
